{
	"name": "ormgen",
	"lockfileVersion": 3,
	"requires": true,
	"packages": {
		"": {
			"license": "MIT",
			"dependencies": {
				"fs-extra": "^11.2.0",
				"zod": "^3.22.4"
			},
			"devDependencies": {
				"@types/fs-extra": "^11.0.4",
				"prettier": "^3.2.5"
			}
		},
		"node_modules/@types/fs-extra": {
			"version": "11.0.4",
			"dev": true,
			"license": "MIT",
			"dependencies": {
				"@types/jsonfile": "*",
				"@types/node": "*"
			}
		},
		"node_modules/@types/jsonfile": {
			"version": "6.1.4",
			"dev": true,
			"license": "MIT",
			"dependencies": {
				"@types/node": "*"
			}
		},
		"node_modules/@types/node": {
			"version": "20.11.30",
			"dev": true,
			"license": "MIT",
			"dependencies": {
				"undici-types": "~5.26.4"
			}
		},
		"node_modules/fs-extra": {
			"version": "11.2.0",
			"license": "MIT",
			"dependencies": {
				"graceful-fs": "^4.2.0",
				"jsonfile": "^6.0.1",
				"universalify": "^2.0.0"
			},
			"engines": {
				"node": ">=14.14"
			}
		},
		"node_modules/graceful-fs": {
			"version": "4.2.11",
			"license": "ISC"
		},
		"node_modules/jsonfile": {
			"version": "6.1.0",
			"license": "MIT",
			"dependencies": {
				"universalify": "^2.0.0"
			},
			"optionalDependencies": {
				"graceful-fs": "^4.1.6"
			}
		},
		"node_modules/prettier": {
			"version": "3.2.5",
			"dev": true,
			"license": "MIT",
			"bin": {
				"prettier": "bin/prettier.cjs"
			},
			"engines": {
				"node": ">=14"
			},
			"funding": {
				"url": "https://github.com/prettier/prettier?sponsor=1"
			}
		},
		"node_modules/undici-types": {
			"version": "5.26.5",
			"dev": true,
			"license": "MIT"
		},
		"node_modules/universalify": {
			"version": "2.0.1",
			"license": "MIT",
			"engines": {
				"node": ">= 10.0.0"
			}
		},
		"node_modules/zod": {
			"version": "3.22.4",
			"license": "MIT",
			"funding": {
				"url": "https://github.com/sponsors/colinhacks"
			}
		}
	}
}
